// !$*UTF8*$!
{
	archiveVersion = 1;
	classes = {
	};
	objectVersion = 51;
	objects = {

/* Begin PBXBuildFile section */
		3A47F97A246DBB71004F8CEC /* gify.gif in Resources */ = {isa = PBXBuildFile; fileRef = 3A47F979246DBB71004F8CEC /* gify.gif */; };
		3A5C41282468F9E90066938C /* MyProfileViewController.swift in Sources */ = {isa = PBXBuildFile; fileRef = 3A5C41272468F9E30066938C /* MyProfileViewController.swift */; };
		3A635A1B2458583F0053DC9E /* DataManager.swift in Sources */ = {isa = PBXBuildFile; fileRef = 3A635A1A2458583D0053DC9E /* DataManager.swift */; };
		3A679C89245018A000C3AFE4 /* ButtonBorder.swift in Sources */ = {isa = PBXBuildFile; fileRef = 3A679C882450189F00C3AFE4 /* ButtonBorder.swift */; };
		3A766279244D810400862004 /* MyLeavesViewController.swift in Sources */ = {isa = PBXBuildFile; fileRef = 3A766278244D810400862004 /* MyLeavesViewController.swift */; };
		3A76627B244D816D00862004 /* MyLeavesTableViewCell.swift in Sources */ = {isa = PBXBuildFile; fileRef = 3A76627A244D816D00862004 /* MyLeavesTableViewCell.swift */; };
		3A76627D244DDFBE00862004 /* MyAttendanceTableViewCell.swift in Sources */ = {isa = PBXBuildFile; fileRef = 3A76627C244DDFBD00862004 /* MyAttendanceTableViewCell.swift */; };
		3A76627F244DE01400862004 /* MyAttendanceViewController.swift in Sources */ = {isa = PBXBuildFile; fileRef = 3A76627E244DE01400862004 /* MyAttendanceViewController.swift */; };
		3A78FD4C24484E9A007BE656 /* TestViewController.swift in Sources */ = {isa = PBXBuildFile; fileRef = 3A78FD4B24484E9A007BE656 /* TestViewController.swift */; };
		3A8726052446E91E00B26E56 /* MyTasksViewController.swift in Sources */ = {isa = PBXBuildFile; fileRef = 3A8726042446E91E00B26E56 /* MyTasksViewController.swift */; };
		3A8726072446ED9E00B26E56 /* MyTaskTableViewCell.swift in Sources */ = {isa = PBXBuildFile; fileRef = 3A8726062446ED9E00B26E56 /* MyTaskTableViewCell.swift */; };
		3A8726092447142000B26E56 /* ApproveLeaveViewController.swift in Sources */ = {isa = PBXBuildFile; fileRef = 3A8726082447142000B26E56 /* ApproveLeaveViewController.swift */; };
		3A87260B244731D400B26E56 /* ApplyForLeaveViewController.swift in Sources */ = {isa = PBXBuildFile; fileRef = 3A87260A244731D400B26E56 /* ApplyForLeaveViewController.swift */; };
		3A9A7B46245142650068FD95 /* UIViewRoundCorner.swift in Sources */ = {isa = PBXBuildFile; fileRef = 3A9A7B45245142640068FD95 /* UIViewRoundCorner.swift */; };
		3AAB055024447AFC00DD3116 /* AppDelegate.swift in Sources */ = {isa = PBXBuildFile; fileRef = 3AAB054F24447AFC00DD3116 /* AppDelegate.swift */; };
		3AAB055224447AFC00DD3116 /* SceneDelegate.swift in Sources */ = {isa = PBXBuildFile; fileRef = 3AAB055124447AFC00DD3116 /* SceneDelegate.swift */; };
		3AAB055424447AFC00DD3116 /* HomeViewController.swift in Sources */ = {isa = PBXBuildFile; fileRef = 3AAB055324447AFC00DD3116 /* HomeViewController.swift */; };
		3AAB055724447AFC00DD3116 /* Main.storyboard in Resources */ = {isa = PBXBuildFile; fileRef = 3AAB055524447AFC00DD3116 /* Main.storyboard */; };
		3AAB055924447B3F00DD3116 /* Assets.xcassets in Resources */ = {isa = PBXBuildFile; fileRef = 3AAB055824447B3F00DD3116 /* Assets.xcassets */; };
		3AAB055C24447B3F00DD3116 /* LaunchScreen.storyboard in Resources */ = {isa = PBXBuildFile; fileRef = 3AAB055A24447B3F00DD3116 /* LaunchScreen.storyboard */; };
		3AAB05672444873F00DD3116 /* WelcomeViewController.swift in Sources */ = {isa = PBXBuildFile; fileRef = 3AAB05662444873F00DD3116 /* WelcomeViewController.swift */; };
		3AB9858824617A5200ADAFAE /* RootAPI.swift in Sources */ = {isa = PBXBuildFile; fileRef = 3AB9858724617A5100ADAFAE /* RootAPI.swift */; };
		3AB9858A2461A41700ADAFAE /* GreetUser.swift in Sources */ = {isa = PBXBuildFile; fileRef = 3AB985892461A41700ADAFAE /* GreetUser.swift */; };
		3ACC9357245FEACB00D2CB25 /* DataModel.swift in Sources */ = {isa = PBXBuildFile; fileRef = 3ACC9356245FEACB00D2CB25 /* DataModel.swift */; };
		5BF22C8054789F738062C896 /* Pods_MyAttendanceManagementApp.framework in Frameworks */ = {isa = PBXBuildFile; fileRef = DD72EF0D04A6BDEB047AC39C /* Pods_MyAttendanceManagementApp.framework */; };
/* End PBXBuildFile section */

/* Begin PBXFileReference section */
		3A47F979246DBB71004F8CEC /* gify.gif */ = {isa = PBXFileReference; lastKnownFileType = image.gif; path = gify.gif; sourceTree = "<group>"; };
		3A5C41272468F9E30066938C /* MyProfileViewController.swift */ = {isa = PBXFileReference; lastKnownFileType = sourcecode.swift; path = MyProfileViewController.swift; sourceTree = "<group>"; };
		3A635A1A2458583D0053DC9E /* DataManager.swift */ = {isa = PBXFileReference; lastKnownFileType = sourcecode.swift; path = DataManager.swift; sourceTree = "<group>"; };
		3A679C882450189F00C3AFE4 /* ButtonBorder.swift */ = {isa = PBXFileReference; lastKnownFileType = sourcecode.swift; path = ButtonBorder.swift; sourceTree = "<group>"; };
		3A766278244D810400862004 /* MyLeavesViewController.swift */ = {isa = PBXFileReference; lastKnownFileType = sourcecode.swift; path = MyLeavesViewController.swift; sourceTree = "<group>"; };
		3A76627A244D816D00862004 /* MyLeavesTableViewCell.swift */ = {isa = PBXFileReference; lastKnownFileType = sourcecode.swift; path = MyLeavesTableViewCell.swift; sourceTree = "<group>"; };
		3A76627C244DDFBD00862004 /* MyAttendanceTableViewCell.swift */ = {isa = PBXFileReference; lastKnownFileType = sourcecode.swift; path = MyAttendanceTableViewCell.swift; sourceTree = "<group>"; };
		3A76627E244DE01400862004 /* MyAttendanceViewController.swift */ = {isa = PBXFileReference; lastKnownFileType = sourcecode.swift; path = MyAttendanceViewController.swift; sourceTree = "<group>"; };
		3A78FD4B24484E9A007BE656 /* TestViewController.swift */ = {isa = PBXFileReference; lastKnownFileType = sourcecode.swift; path = TestViewController.swift; sourceTree = "<group>"; };
		3A8726042446E91E00B26E56 /* MyTasksViewController.swift */ = {isa = PBXFileReference; lastKnownFileType = sourcecode.swift; path = MyTasksViewController.swift; sourceTree = "<group>"; };
		3A8726062446ED9E00B26E56 /* MyTaskTableViewCell.swift */ = {isa = PBXFileReference; lastKnownFileType = sourcecode.swift; path = MyTaskTableViewCell.swift; sourceTree = "<group>"; };
		3A8726082447142000B26E56 /* ApproveLeaveViewController.swift */ = {isa = PBXFileReference; lastKnownFileType = sourcecode.swift; path = ApproveLeaveViewController.swift; sourceTree = "<group>"; };
		3A87260A244731D400B26E56 /* ApplyForLeaveViewController.swift */ = {isa = PBXFileReference; lastKnownFileType = sourcecode.swift; path = ApplyForLeaveViewController.swift; sourceTree = "<group>"; };
		3A9A7B45245142640068FD95 /* UIViewRoundCorner.swift */ = {isa = PBXFileReference; lastKnownFileType = sourcecode.swift; path = UIViewRoundCorner.swift; sourceTree = "<group>"; };
		3AAB054C24447AFC00DD3116 /* MyAttendanceManagementApp.app */ = {isa = PBXFileReference; explicitFileType = wrapper.application; includeInIndex = 0; path = MyAttendanceManagementApp.app; sourceTree = BUILT_PRODUCTS_DIR; };
		3AAB054F24447AFC00DD3116 /* AppDelegate.swift */ = {isa = PBXFileReference; lastKnownFileType = sourcecode.swift; path = AppDelegate.swift; sourceTree = "<group>"; };
		3AAB055124447AFC00DD3116 /* SceneDelegate.swift */ = {isa = PBXFileReference; lastKnownFileType = sourcecode.swift; path = SceneDelegate.swift; sourceTree = "<group>"; };
		3AAB055324447AFC00DD3116 /* HomeViewController.swift */ = {isa = PBXFileReference; lastKnownFileType = sourcecode.swift; path = HomeViewController.swift; sourceTree = "<group>"; };
		3AAB055624447AFC00DD3116 /* Base */ = {isa = PBXFileReference; lastKnownFileType = file.storyboard; name = Base; path = Base.lproj/Main.storyboard; sourceTree = "<group>"; };
		3AAB055824447B3F00DD3116 /* Assets.xcassets */ = {isa = PBXFileReference; lastKnownFileType = folder.assetcatalog; path = Assets.xcassets; sourceTree = "<group>"; };
		3AAB055B24447B3F00DD3116 /* Base */ = {isa = PBXFileReference; lastKnownFileType = file.storyboard; name = Base; path = Base.lproj/LaunchScreen.storyboard; sourceTree = "<group>"; };
		3AAB055D24447B3F00DD3116 /* Info.plist */ = {isa = PBXFileReference; lastKnownFileType = text.plist.xml; path = Info.plist; sourceTree = "<group>"; };
		3AAB05662444873F00DD3116 /* WelcomeViewController.swift */ = {isa = PBXFileReference; lastKnownFileType = sourcecode.swift; path = WelcomeViewController.swift; sourceTree = "<group>"; };
		3AB9858724617A5100ADAFAE /* RootAPI.swift */ = {isa = PBXFileReference; lastKnownFileType = sourcecode.swift; path = RootAPI.swift; sourceTree = "<group>"; };
		3AB985892461A41700ADAFAE /* GreetUser.swift */ = {isa = PBXFileReference; lastKnownFileType = sourcecode.swift; path = GreetUser.swift; sourceTree = "<group>"; };
		3ACC9356245FEACB00D2CB25 /* DataModel.swift */ = {isa = PBXFileReference; lastKnownFileType = sourcecode.swift; path = DataModel.swift; sourceTree = "<group>"; };
		7B9407BCE9F68982ADC9A6C0 /* Pods-MyAttendanceManagementApp.debug.xcconfig */ = {isa = PBXFileReference; includeInIndex = 1; lastKnownFileType = text.xcconfig; name = "Pods-MyAttendanceManagementApp.debug.xcconfig"; path = "Target Support Files/Pods-MyAttendanceManagementApp/Pods-MyAttendanceManagementApp.debug.xcconfig"; sourceTree = "<group>"; };
		DD71BFCB9D36E22DBFC8709B /* Pods-MyAttendanceManagementApp.release.xcconfig */ = {isa = PBXFileReference; includeInIndex = 1; lastKnownFileType = text.xcconfig; name = "Pods-MyAttendanceManagementApp.release.xcconfig"; path = "Target Support Files/Pods-MyAttendanceManagementApp/Pods-MyAttendanceManagementApp.release.xcconfig"; sourceTree = "<group>"; };
		DD72EF0D04A6BDEB047AC39C /* Pods_MyAttendanceManagementApp.framework */ = {isa = PBXFileReference; explicitFileType = wrapper.framework; includeInIndex = 0; path = Pods_MyAttendanceManagementApp.framework; sourceTree = BUILT_PRODUCTS_DIR; };
/* End PBXFileReference section */

/* Begin PBXFrameworksBuildPhase section */
		3AAB054924447AFC00DD3116 /* Frameworks */ = {
			isa = PBXFrameworksBuildPhase;
			buildActionMask = 2147483647;
			files = (
				5BF22C8054789F738062C896 /* Pods_MyAttendanceManagementApp.framework in Frameworks */,
			);
			runOnlyForDeploymentPostprocessing = 0;
		};
/* End PBXFrameworksBuildPhase section */

/* Begin PBXGroup section */
		3A635A1C2458590A0053DC9E /* Models */ = {
			isa = PBXGroup;
			children = (
				3A635A1A2458583D0053DC9E /* DataManager.swift */,
				3ACC9356245FEACB00D2CB25 /* DataModel.swift */,
			);
			path = Models;
			sourceTree = "<group>";
		};
		3A7D94F1244584A9005C00B6 /* Views */ = {
			isa = PBXGroup;
			children = (
				3AAB055524447AFC00DD3116 /* Main.storyboard */,
			);
			path = Views;
			sourceTree = "<group>";
		};
		3AAB054324447AFB00DD3116 = {
			isa = PBXGroup;
			children = (
				3AAB054E24447AFC00DD3116 /* MyAttendanceManagementApp */,
				3AAB054D24447AFC00DD3116 /* Products */,
				DA3E43CBB5A9ADF66EFE2CFD /* Pods */,
				99295EA6A2A6358C8B3525D7 /* Frameworks */,
			);
			sourceTree = "<group>";
		};
		3AAB054D24447AFC00DD3116 /* Products */ = {
			isa = PBXGroup;
			children = (
				3AAB054C24447AFC00DD3116 /* MyAttendanceManagementApp.app */,
			);
			name = Products;
			sourceTree = "<group>";
		};
		3AAB054E24447AFC00DD3116 /* MyAttendanceManagementApp */ = {
			isa = PBXGroup;
			children = (
				3AAB054F24447AFC00DD3116 /* AppDelegate.swift */,
				3AAB055124447AFC00DD3116 /* SceneDelegate.swift */,
				3A635A1C2458590A0053DC9E /* Models */,
				3AAB056324447D7600DD3116 /* Controllers */,
				3A7D94F1244584A9005C00B6 /* Views */,
				3AAB055824447B3F00DD3116 /* Assets.xcassets */,
				3A47F979246DBB71004F8CEC /* gify.gif */,
				3AAB055A24447B3F00DD3116 /* LaunchScreen.storyboard */,
				3AAB055D24447B3F00DD3116 /* Info.plist */,
			);
			path = MyAttendanceManagementApp;
			sourceTree = "<group>";
		};
		3AAB056324447D7600DD3116 /* Controllers */ = {
			isa = PBXGroup;
			children = (
				3AAB055324447AFC00DD3116 /* HomeViewController.swift */,
				3AAB05662444873F00DD3116 /* WelcomeViewController.swift */,
				3A8726042446E91E00B26E56 /* MyTasksViewController.swift */,
				3A8726062446ED9E00B26E56 /* MyTaskTableViewCell.swift */,
				3A8726082447142000B26E56 /* ApproveLeaveViewController.swift */,
				3A87260A244731D400B26E56 /* ApplyForLeaveViewController.swift */,
				3A78FD4B24484E9A007BE656 /* TestViewController.swift */,
				3A766278244D810400862004 /* MyLeavesViewController.swift */,
				3A76627A244D816D00862004 /* MyLeavesTableViewCell.swift */,
				3A76627C244DDFBD00862004 /* MyAttendanceTableViewCell.swift */,
				3A76627E244DE01400862004 /* MyAttendanceViewController.swift */,
				3A679C882450189F00C3AFE4 /* ButtonBorder.swift */,
				3A9A7B45245142640068FD95 /* UIViewRoundCorner.swift */,
				3AB9858724617A5100ADAFAE /* RootAPI.swift */,
				3AB985892461A41700ADAFAE /* GreetUser.swift */,
				3A5C41272468F9E30066938C /* MyProfileViewController.swift */,
			);
			path = Controllers;
			sourceTree = "<group>";
		};
		99295EA6A2A6358C8B3525D7 /* Frameworks */ = {
			isa = PBXGroup;
			children = (
				DD72EF0D04A6BDEB047AC39C /* Pods_MyAttendanceManagementApp.framework */,
			);
			name = Frameworks;
			sourceTree = "<group>";
		};
		DA3E43CBB5A9ADF66EFE2CFD /* Pods */ = {
			isa = PBXGroup;
			children = (
				7B9407BCE9F68982ADC9A6C0 /* Pods-MyAttendanceManagementApp.debug.xcconfig */,
				DD71BFCB9D36E22DBFC8709B /* Pods-MyAttendanceManagementApp.release.xcconfig */,
			);
			path = Pods;
			sourceTree = "<group>";
		};
/* End PBXGroup section */

/* Begin PBXNativeTarget section */
		3AAB054B24447AFC00DD3116 /* MyAttendanceManagementApp */ = {
			isa = PBXNativeTarget;
			buildConfigurationList = 3AAB056024447B3F00DD3116 /* Build configuration list for PBXNativeTarget "MyAttendanceManagementApp" */;
			buildPhases = (
				53DF74F58C79B8CFEAC3ABB1 /* [CP] Check Pods Manifest.lock */,
				3AAB054824447AFC00DD3116 /* Sources */,
				3AAB054924447AFC00DD3116 /* Frameworks */,
				3AAB054A24447AFC00DD3116 /* Resources */,
				2E2A0588DBF383D63653616B /* [CP] Embed Pods Frameworks */,
			);
			buildRules = (
			);
			dependencies = (
			);
			name = MyAttendanceManagementApp;
			productName = MyAttendanceManagementApp;
			productReference = 3AAB054C24447AFC00DD3116 /* MyAttendanceManagementApp.app */;
			productType = "com.apple.product-type.application";
		};
/* End PBXNativeTarget section */

/* Begin PBXProject section */
		3AAB054424447AFB00DD3116 /* Project object */ = {
			isa = PBXProject;
			attributes = {
				LastSwiftUpdateCheck = 1130;
				LastUpgradeCheck = 1130;
				ORGANIZATIONNAME = "Harshvardhan Patidar";
				TargetAttributes = {
					3AAB054B24447AFC00DD3116 = {
						CreatedOnToolsVersion = 11.3.1;
					};
				};
			};
			buildConfigurationList = 3AAB054724447AFB00DD3116 /* Build configuration list for PBXProject "MyAttendanceManagementApp" */;
			compatibilityVersion = "Xcode 9.3";
			developmentRegion = en;
			hasScannedForEncodings = 0;
			knownRegions = (
				en,
				Base,
			);
			mainGroup = 3AAB054324447AFB00DD3116;
			productRefGroup = 3AAB054D24447AFC00DD3116 /* Products */;
			projectDirPath = "";
			projectRoot = "";
			targets = (
				3AAB054B24447AFC00DD3116 /* MyAttendanceManagementApp */,
			);
		};
/* End PBXProject section */

/* Begin PBXResourcesBuildPhase section */
		3AAB054A24447AFC00DD3116 /* Resources */ = {
			isa = PBXResourcesBuildPhase;
			buildActionMask = 2147483647;
			files = (
				3AAB055C24447B3F00DD3116 /* LaunchScreen.storyboard in Resources */,
				3AAB055924447B3F00DD3116 /* Assets.xcassets in Resources */,
				3AAB055724447AFC00DD3116 /* Main.storyboard in Resources */,
				3A47F97A246DBB71004F8CEC /* gify.gif in Resources */,
			);
			runOnlyForDeploymentPostprocessing = 0;
		};
/* End PBXResourcesBuildPhase section */

/* Begin PBXShellScriptBuildPhase section */
		2E2A0588DBF383D63653616B /* [CP] Embed Pods Frameworks */ = {
			isa = PBXShellScriptBuildPhase;
			buildActionMask = 2147483647;
			files = (
			);
			inputFileListPaths = (
				"${PODS_ROOT}/Target Support Files/Pods-MyAttendanceManagementApp/Pods-MyAttendanceManagementApp-frameworks-${CONFIGURATION}-input-files.xcfilelist",
			);
			name = "[CP] Embed Pods Frameworks";
			outputFileListPaths = (
				"${PODS_ROOT}/Target Support Files/Pods-MyAttendanceManagementApp/Pods-MyAttendanceManagementApp-frameworks-${CONFIGURATION}-output-files.xcfilelist",
			);
			runOnlyForDeploymentPostprocessing = 0;
			shellPath = /bin/sh;
			shellScript = "\"${PODS_ROOT}/Target Support Files/Pods-MyAttendanceManagementApp/Pods-MyAttendanceManagementApp-frameworks.sh\"\n";
			showEnvVarsInLog = 0;
		};
		53DF74F58C79B8CFEAC3ABB1 /* [CP] Check Pods Manifest.lock */ = {
			isa = PBXShellScriptBuildPhase;
			buildActionMask = 2147483647;
			files = (
			);
			inputFileListPaths = (
			);
			inputPaths = (
				"${PODS_PODFILE_DIR_PATH}/Podfile.lock",
				"${PODS_ROOT}/Manifest.lock",
			);
			name = "[CP] Check Pods Manifest.lock";
			outputFileListPaths = (
			);
			outputPaths = (
				"$(DERIVED_FILE_DIR)/Pods-MyAttendanceManagementApp-checkManifestLockResult.txt",
			);
			runOnlyForDeploymentPostprocessing = 0;
			shellPath = /bin/sh;
			shellScript = "diff \"${PODS_PODFILE_DIR_PATH}/Podfile.lock\" \"${PODS_ROOT}/Manifest.lock\" > /dev/null\nif [ $? != 0 ] ; then\n    # print error to STDERR\n    echo \"error: The sandbox is not in sync with the Podfile.lock. Run 'pod install' or update your CocoaPods installation.\" >&2\n    exit 1\nfi\n# This output is used by Xcode 'outputs' to avoid re-running this script phase.\necho \"SUCCESS\" > \"${SCRIPT_OUTPUT_FILE_0}\"\n";
			showEnvVarsInLog = 0;
		};
/* End PBXShellScriptBuildPhase section */

/* Begin PBXSourcesBuildPhase section */
		3AAB054824447AFC00DD3116 /* Sources */ = {
			isa = PBXSourcesBuildPhase;
			buildActionMask = 2147483647;
			files = (
				3A76627D244DDFBE00862004 /* MyAttendanceTableViewCell.swift in Sources */,
				3A8726072446ED9E00B26E56 /* MyTaskTableViewCell.swift in Sources */,
				3A8726052446E91E00B26E56 /* MyTasksViewController.swift in Sources */,
				3AAB055424447AFC00DD3116 /* HomeViewController.swift in Sources */,
				3AAB05672444873F00DD3116 /* WelcomeViewController.swift in Sources */,
				3AAB055024447AFC00DD3116 /* AppDelegate.swift in Sources */,
				3A8726092447142000B26E56 /* ApproveLeaveViewController.swift in Sources */,
				3AAB055224447AFC00DD3116 /* SceneDelegate.swift in Sources */,
				3A78FD4C24484E9A007BE656 /* TestViewController.swift in Sources */,
				3A635A1B2458583F0053DC9E /* DataManager.swift in Sources */,
				3A766279244D810400862004 /* MyLeavesViewController.swift in Sources */,
				3A76627F244DE01400862004 /* MyAttendanceViewController.swift in Sources */,
				3AB9858A2461A41700ADAFAE /* GreetUser.swift in Sources */,
				3A87260B244731D400B26E56 /* ApplyForLeaveViewController.swift in Sources */,
				3A9A7B46245142650068FD95 /* UIViewRoundCorner.swift in Sources */,
				3A679C89245018A000C3AFE4 /* ButtonBorder.swift in Sources */,
				3A76627B244D816D00862004 /* MyLeavesTableViewCell.swift in Sources */,
				3AB9858824617A5200ADAFAE /* RootAPI.swift in Sources */,
				3A5C41282468F9E90066938C /* MyProfileViewController.swift in Sources */,
				3ACC9357245FEACB00D2CB25 /* DataModel.swift in Sources */,
			);
			runOnlyForDeploymentPostprocessing = 0;
		};
/* End PBXSourcesBuildPhase section */

/* Begin PBXVariantGroup section */
		3AAB055524447AFC00DD3116 /* Main.storyboard */ = {
			isa = PBXVariantGroup;
			children = (
				3AAB055624447AFC00DD3116 /* Base */,
			);
			name = Main.storyboard;
			sourceTree = "<group>";
		};
		3AAB055A24447B3F00DD3116 /* LaunchScreen.storyboard */ = {
			isa = PBXVariantGroup;
			children = (
				3AAB055B24447B3F00DD3116 /* Base */,
			);
			name = LaunchScreen.storyboard;
			sourceTree = "<group>";
		};
/* End PBXVariantGroup section */

/* Begin XCBuildConfiguration section */
		3AAB055E24447B3F00DD3116 /* Debug */ = {
			isa = XCBuildConfiguration;
			buildSettings = {
				ALWAYS_SEARCH_USER_PATHS = NO;
				CLANG_ANALYZER_NONNULL = YES;
				CLANG_ANALYZER_NUMBER_OBJECT_CONVERSION = YES_AGGRESSIVE;
				CLANG_CXX_LANGUAGE_STANDARD = "gnu++14";
				CLANG_CXX_LIBRARY = "libc++";
				CLANG_ENABLE_MODULES = YES;
				CLANG_ENABLE_OBJC_ARC = YES;
				CLANG_ENABLE_OBJC_WEAK = YES;
				CLANG_WARN_BLOCK_CAPTURE_AUTORELEASING = YES;
				CLANG_WARN_BOOL_CONVERSION = YES;
				CLANG_WARN_COMMA = YES;
				CLANG_WARN_CONSTANT_CONVERSION = YES;
				CLANG_WARN_DEPRECATED_OBJC_IMPLEMENTATIONS = YES;
				CLANG_WARN_DIRECT_OBJC_ISA_USAGE = YES_ERROR;
				CLANG_WARN_DOCUMENTATION_COMMENTS = YES;
				CLANG_WARN_EMPTY_BODY = YES;
				CLANG_WARN_ENUM_CONVERSION = YES;
				CLANG_WARN_INFINITE_RECURSION = YES;
				CLANG_WARN_INT_CONVERSION = YES;
				CLANG_WARN_NON_LITERAL_NULL_CONVERSION = YES;
				CLANG_WARN_OBJC_IMPLICIT_RETAIN_SELF = YES;
				CLANG_WARN_OBJC_LITERAL_CONVERSION = YES;
				CLANG_WARN_OBJC_ROOT_CLASS = YES_ERROR;
				CLANG_WARN_RANGE_LOOP_ANALYSIS = YES;
				CLANG_WARN_STRICT_PROTOTYPES = YES;
				CLANG_WARN_SUSPICIOUS_MOVE = YES;
				CLANG_WARN_UNGUARDED_AVAILABILITY = YES_AGGRESSIVE;
				CLANG_WARN_UNREACHABLE_CODE = YES;
				CLANG_WARN__DUPLICATE_METHOD_MATCH = YES;
				COPY_PHASE_STRIP = NO;
				DEBUG_INFORMATION_FORMAT = dwarf;
				ENABLE_STRICT_OBJC_MSGSEND = YES;
				ENABLE_TESTABILITY = YES;
				GCC_C_LANGUAGE_STANDARD = gnu11;
				GCC_DYNAMIC_NO_PIC = NO;
				GCC_NO_COMMON_BLOCKS = YES;
				GCC_OPTIMIZATION_LEVEL = 0;
				GCC_PREPROCESSOR_DEFINITIONS = (
					"DEBUG=1",
					"$(inherited)",
				);
				GCC_WARN_64_TO_32_BIT_CONVERSION = YES;
				GCC_WARN_ABOUT_RETURN_TYPE = YES_ERROR;
				GCC_WARN_UNDECLARED_SELECTOR = YES;
				GCC_WARN_UNINITIALIZED_AUTOS = YES_AGGRESSIVE;
				GCC_WARN_UNUSED_FUNCTION = YES;
				GCC_WARN_UNUSED_VARIABLE = YES;
				IPHONEOS_DEPLOYMENT_TARGET = 13.2;
				MTL_ENABLE_DEBUG_INFO = INCLUDE_SOURCE;
				MTL_FAST_MATH = YES;
				ONLY_ACTIVE_ARCH = YES;
				SDKROOT = iphoneos;
				SWIFT_ACTIVE_COMPILATION_CONDITIONS = DEBUG;
				SWIFT_OPTIMIZATION_LEVEL = "-Onone";
			};
			name = Debug;
		};
		3AAB055F24447B3F00DD3116 /* Release */ = {
			isa = XCBuildConfiguration;
			buildSettings = {
				ALWAYS_SEARCH_USER_PATHS = NO;
				CLANG_ANALYZER_NONNULL = YES;
				CLANG_ANALYZER_NUMBER_OBJECT_CONVERSION = YES_AGGRESSIVE;
				CLANG_CXX_LANGUAGE_STANDARD = "gnu++14";
				CLANG_CXX_LIBRARY = "libc++";
				CLANG_ENABLE_MODULES = YES;
				CLANG_ENABLE_OBJC_ARC = YES;
				CLANG_ENABLE_OBJC_WEAK = YES;
				CLANG_WARN_BLOCK_CAPTURE_AUTORELEASING = YES;
				CLANG_WARN_BOOL_CONVERSION = YES;
				CLANG_WARN_COMMA = YES;
				CLANG_WARN_CONSTANT_CONVERSION = YES;
				CLANG_WARN_DEPRECATED_OBJC_IMPLEMENTATIONS = YES;
				CLANG_WARN_DIRECT_OBJC_ISA_USAGE = YES_ERROR;
				CLANG_WARN_DOCUMENTATION_COMMENTS = YES;
				CLANG_WARN_EMPTY_BODY = YES;
				CLANG_WARN_ENUM_CONVERSION = YES;
				CLANG_WARN_INFINITE_RECURSION = YES;
				CLANG_WARN_INT_CONVERSION = YES;
				CLANG_WARN_NON_LITERAL_NULL_CONVERSION = YES;
				CLANG_WARN_OBJC_IMPLICIT_RETAIN_SELF = YES;
				CLANG_WARN_OBJC_LITERAL_CONVERSION = YES;
				CLANG_WARN_OBJC_ROOT_CLASS = YES_ERROR;
				CLANG_WARN_RANGE_LOOP_ANALYSIS = YES;
				CLANG_WARN_STRICT_PROTOTYPES = YES;
				CLANG_WARN_SUSPICIOUS_MOVE = YES;
				CLANG_WARN_UNGUARDED_AVAILABILITY = YES_AGGRESSIVE;
				CLANG_WARN_UNREACHABLE_CODE = YES;
				CLANG_WARN__DUPLICATE_METHOD_MATCH = YES;
				COPY_PHASE_STRIP = NO;
				DEBUG_INFORMATION_FORMAT = "dwarf-with-dsym";
				ENABLE_NS_ASSERTIONS = NO;
				ENABLE_STRICT_OBJC_MSGSEND = YES;
				GCC_C_LANGUAGE_STANDARD = gnu11;
				GCC_NO_COMMON_BLOCKS = YES;
				GCC_WARN_64_TO_32_BIT_CONVERSION = YES;
				GCC_WARN_ABOUT_RETURN_TYPE = YES_ERROR;
				GCC_WARN_UNDECLARED_SELECTOR = YES;
				GCC_WARN_UNINITIALIZED_AUTOS = YES_AGGRESSIVE;
				GCC_WARN_UNUSED_FUNCTION = YES;
				GCC_WARN_UNUSED_VARIABLE = YES;
				IPHONEOS_DEPLOYMENT_TARGET = 13.2;
				MTL_ENABLE_DEBUG_INFO = NO;
				MTL_FAST_MATH = YES;
				SDKROOT = iphoneos;
				SWIFT_COMPILATION_MODE = wholemodule;
				SWIFT_OPTIMIZATION_LEVEL = "-O";
				VALIDATE_PRODUCT = YES;
			};
			name = Release;
		};
		3AAB056124447B3F00DD3116 /* Debug */ = {
			isa = XCBuildConfiguration;
			baseConfigurationReference = 7B9407BCE9F68982ADC9A6C0 /* Pods-MyAttendanceManagementApp.debug.xcconfig */;
			buildSettings = {
				ASSETCATALOG_COMPILER_APPICON_NAME = AppIcon;
				CODE_SIGN_STYLE = Automatic;
				INFOPLIST_FILE = MyAttendanceManagementApp/Info.plist;
				LD_RUNPATH_SEARCH_PATHS = (
					"$(inherited)",
					"@executable_path/Frameworks",
				);
				PRODUCT_BUNDLE_IDENTIFIER = devp.harsh.com.MyAttendanceManagementApp;
				PRODUCT_NAME = "$(TARGET_NAME)";
				SWIFT_VERSION = 5.0;
				TARGETED_DEVICE_FAMILY = "1,2";
			};
			name = Debug;
		};
		3AAB056224447B3F00DD3116 /* Release */ = {
			isa = XCBuildConfiguration;
			baseConfigurationReference = DD71BFCB9D36E22DBFC8709B /* Pods-MyAttendanceManagementApp.release.xcconfig */;
			buildSettings = {
				ASSETCATALOG_COMPILER_APPICON_NAME = AppIcon;
				CODE_SIGN_STYLE = Automatic;
				INFOPLIST_FILE = MyAttendanceManagementApp/Info.plist;
				LD_RUNPATH_SEARCH_PATHS = (
					"$(inherited)",
					"@executable_path/Frameworks",
				);
				PRODUCT_BUNDLE_IDENTIFIER = devp.harsh.com.MyAttendanceManagementApp;
				PRODUCT_NAME = "$(TARGET_NAME)";
				SWIFT_VERSION = 5.0;
				TARGETED_DEVICE_FAMILY = "1,2";
			};
			name = Release;
		};
/* End XCBuildConfiguration section */

/* Begin XCConfigurationList section */
		3AAB054724447AFB00DD3116 /* Build configuration list for PBXProject "MyAttendanceManagementApp" */ = {
			isa = XCConfigurationList;
			buildConfigurations = (
				3AAB055E24447B3F00DD3116 /* Debug */,
				3AAB055F24447B3F00DD3116 /* Release */,
			);
			defaultConfigurationIsVisible = 0;
			defaultConfigurationName = Release;
		};
		3AAB056024447B3F00DD3116 /* Build configuration list for PBXNativeTarget "MyAttendanceManagementApp" */ = {
			isa = XCConfigurationList;
			buildConfigurations = (
				3AAB056124447B3F00DD3116 /* Debug */,
				3AAB056224447B3F00DD3116 /* Release */,
			);
			defaultConfigurationIsVisible = 0;
			defaultConfigurationName = Release;
		};
/* End XCConfigurationList section */
	};
	rootObject = 3AAB054424447AFB00DD3116 /* Project object */;
}
